
Microsoft Visual Studio Solution File, Format Version 11.00
# Visual Studio 2010
Project("{FAE04EC0-301F-11D3-BF4B-00C04F79EFBC}") = "Tools", "Tools\Tools.csproj", "{559256A3-FD00-4190-9741-FA3C3FF9033A}"
EndProject
Project("{FAE04EC0-301F-11D3-BF4B-00C04F79EFBC}") = "test", "test\test.csproj", "{70CFF43C-712F-4982-8F4A-475A9433BB8F}"
EndProject
Global
	GlobalSection(SolutionConfigurationPlatforms) = preSolution
		Debug|Any CPU = Debug|Any CPU
		Debug|Mixed Platforms = Debug|Mixed Platforms
		Debug|x86 = Debug|x86
		Release|Any CPU = Release|Any CPU
		Release|Mixed Platforms = Release|Mixed Platforms
		Release|x86 = Release|x86
	EndGlobalSection
	GlobalSection(ProjectConfigurationPlatforms) = postSolution
		{559256A3-FD00-4190-9741-FA3C3FF9033A}.Debug|Any CPU.ActiveCfg = Debug|Any CPU
		{559256A3-FD00-4190-9741-FA3C3FF9033A}.Debug|Any CPU.Build.0 = Debug|Any CPU
		{559256A3-FD00-4190-9741-FA3C3FF9033A}.Debug|Mixed Platforms.ActiveCfg = Debug|Any CPU
		{559256A3-FD00-4190-9741-FA3C3FF9033A}.Debug|Mixed Platforms.Build.0 = Debug|Any CPU
		{559256A3-FD00-4190-9741-FA3C3FF9033A}.Debug|x86.ActiveCfg = Debug|Any CPU
		{559256A3-FD00-4190-9741-FA3C3FF9033A}.Release|Any CPU.ActiveCfg = Release|Any CPU
		{559256A3-FD00-4190-9741-FA3C3FF9033A}.Release|Any CPU.Build.0 = Release|Any CPU
		{559256A3-FD00-4190-9741-FA3C3FF9033A}.Release|Mixed Platforms.ActiveCfg = Release|Any CPU
		{559256A3-FD00-4190-9741-FA3C3FF9033A}.Release|Mixed Platforms.Build.0 = Release|Any CPU
		{559256A3-FD00-4190-9741-FA3C3FF9033A}.Release|x86.ActiveCfg = Release|Any CPU
		{70CFF43C-712F-4982-8F4A-475A9433BB8F}.Debug|Any CPU.ActiveCfg = Debug|x86
		{70CFF43C-712F-4982-8F4A-475A9433BB8F}.Debug|Mixed Platforms.ActiveCfg = Debug|x86
		{70CFF43C-712F-4982-8F4A-475A9433BB8F}.Debug|Mixed Platforms.Build.0 = Debug|x86
		{70CFF43C-712F-4982-8F4A-475A9433BB8F}.Debug|x86.ActiveCfg = Debug|x86
		{70CFF43C-712F-4982-8F4A-475A9433BB8F}.Debug|x86.Build.0 = Debug|x86
		{70CFF43C-712F-4982-8F4A-475A9433BB8F}.Release|Any CPU.ActiveCfg = Release|x86
		{70CFF43C-712F-4982-8F4A-475A9433BB8F}.Release|Mixed Platforms.ActiveCfg = Release|x86
		{70CFF43C-712F-4982-8F4A-475A9433BB8F}.Release|Mixed Platforms.Build.0 = Release|x86
		{70CFF43C-712F-4982-8F4A-475A9433BB8F}.Release|x86.ActiveCfg = Release|x86
		{70CFF43C-712F-4982-8F4A-475A9433BB8F}.Release|x86.Build.0 = Release|x86
	EndGlobalSection
	GlobalSection(SolutionProperties) = preSolution
		HideSolutionNode = FALSE
	EndGlobalSection
EndGlobal
